{
  "name": "clio-decimal",
  "version": "1.0.2",
  "lockfileVersion": 1,
  "requires": true,
  "dependencies": {
    "break_infinity.js": {
      "version": "1.0.5",
      "resolved": "https://registry.npmjs.org/break_infinity.js/-/break_infinity.js-1.0.5.tgz",
      "integrity": "sha512-ucb7U1lTwtGBBxbblGk9nAHBcUIfjl+6IE6pY6VSOTs1H9CQzxsQwuH74PfmGjYS8V5SE8VMtX84asOU8Wat2A==",
      "dev": true
    },
    "decimal.js": {
      "version": "10.1.1",
      "resolved": "https://registry.npmjs.org/decimal.js/-/decimal.js-10.1.1.tgz",
      "integrity": "sha512-vEEgyk1fWVEnv7lPjkNedAIjzxQDue5Iw4FeX4UkNUDSVyD/jZTD0Bw2kAO7k6iyyJRAhM9oxxI0D1ET6k0Mmg==",
      "dev": true
    }
  }
}
